
Microsoft Visual Studio Solution File, Format Version 12.00
# Visual Studio Version 17
VisualStudioVersion = 17.10.35122.118
MinimumVisualStudioVersion = 10.0.40219.1
Project("{FAE04EC0-301F-11D3-BF4B-00C04F79EFBC}") = "Erme", "Erme.csproj", "{0F0F25AA-BEA6-4D92-894B-477E4030F432}"
EndProject
Global
	GlobalSection(SolutionConfigurationPlatforms) = preSolution
		Debug|Any CPU = Debug|Any CPU
		Release|Any CPU = Release|Any CPU
	EndGlobalSection
	GlobalSection(ProjectConfigurationPlatforms) = postSolution
		{0F0F25AA-BEA6-4D92-894B-477E4030F432}.Debug|Any CPU.ActiveCfg = Debug|Any CPU
		{0F0F25AA-BEA6-4D92-894B-477E4030F432}.Debug|Any CPU.Build.0 = Debug|Any CPU
		{0F0F25AA-BEA6-4D92-894B-477E4030F432}.Release|Any CPU.ActiveCfg = Release|Any CPU
		{0F0F25AA-BEA6-4D92-894B-477E4030F432}.Release|Any CPU.Build.0 = Release|Any CPU
	EndGlobalSection
	GlobalSection(SolutionProperties) = preSolution
		HideSolutionNode = FALSE
	EndGlobalSection
	GlobalSection(ExtensibilityGlobals) = postSolution
		SolutionGuid = {1A116FFC-CE4E-403B-8335-1BF1341C8FDD}
	EndGlobalSection
EndGlobal
