
Microsoft Visual Studio Solution File, Format Version 12.00
# Visual Studio Version 17
VisualStudioVersion = 17.11.35222.181
MinimumVisualStudioVersion = 10.0.40219.1
Project("{FAE04EC0-301F-11D3-BF4B-00C04F79EFBC}") = "idojaras", "idojaras.csproj", "{093C3B1F-74C7-4185-86E7-291D4B4C8865}"
EndProject
Global
	GlobalSection(SolutionConfigurationPlatforms) = preSolution
		Debug|Any CPU = Debug|Any CPU
		Release|Any CPU = Release|Any CPU
	EndGlobalSection
	GlobalSection(ProjectConfigurationPlatforms) = postSolution
		{093C3B1F-74C7-4185-86E7-291D4B4C8865}.Debug|Any CPU.ActiveCfg = Debug|Any CPU
		{093C3B1F-74C7-4185-86E7-291D4B4C8865}.Debug|Any CPU.Build.0 = Debug|Any CPU
		{093C3B1F-74C7-4185-86E7-291D4B4C8865}.Release|Any CPU.ActiveCfg = Release|Any CPU
		{093C3B1F-74C7-4185-86E7-291D4B4C8865}.Release|Any CPU.Build.0 = Release|Any CPU
	EndGlobalSection
	GlobalSection(SolutionProperties) = preSolution
		HideSolutionNode = FALSE
	EndGlobalSection
	GlobalSection(ExtensibilityGlobals) = postSolution
		SolutionGuid = {7E41207E-5D1E-481C-97FE-331C47C957D1}
	EndGlobalSection
EndGlobal
