
Microsoft Visual Studio Solution File, Format Version 12.00
# Visual Studio Version 17
VisualStudioVersion = 17.11.35222.181
MinimumVisualStudioVersion = 10.0.40219.1
Project("{FAE04EC0-301F-11D3-BF4B-00C04F79EFBC}") = "Jegyek", "Jegyek.csproj", "{98F1AA64-545F-405B-B5BD-F69174480892}"
EndProject
Global
	GlobalSection(SolutionConfigurationPlatforms) = preSolution
		Debug|Any CPU = Debug|Any CPU
		Release|Any CPU = Release|Any CPU
	EndGlobalSection
	GlobalSection(ProjectConfigurationPlatforms) = postSolution
		{98F1AA64-545F-405B-B5BD-F69174480892}.Debug|Any CPU.ActiveCfg = Debug|Any CPU
		{98F1AA64-545F-405B-B5BD-F69174480892}.Debug|Any CPU.Build.0 = Debug|Any CPU
		{98F1AA64-545F-405B-B5BD-F69174480892}.Release|Any CPU.ActiveCfg = Release|Any CPU
		{98F1AA64-545F-405B-B5BD-F69174480892}.Release|Any CPU.Build.0 = Release|Any CPU
	EndGlobalSection
	GlobalSection(SolutionProperties) = preSolution
		HideSolutionNode = FALSE
	EndGlobalSection
	GlobalSection(ExtensibilityGlobals) = postSolution
		SolutionGuid = {F8BDA474-45A0-4C6B-AF06-793F1F0175F7}
	EndGlobalSection
EndGlobal
