
Microsoft Visual Studio Solution File, Format Version 12.00
# Visual Studio Version 17
VisualStudioVersion = 17.11.35222.181
MinimumVisualStudioVersion = 10.0.40219.1
Project("{FAE04EC0-301F-11D3-BF4B-00C04F79EFBC}") = "DragaFenyofak", "DragaFenyofak.csproj", "{11D827B7-C221-44D0-9C6B-EC4A35F95B76}"
EndProject
Global
	GlobalSection(SolutionConfigurationPlatforms) = preSolution
		Debug|Any CPU = Debug|Any CPU
		Release|Any CPU = Release|Any CPU
	EndGlobalSection
	GlobalSection(ProjectConfigurationPlatforms) = postSolution
		{11D827B7-C221-44D0-9C6B-EC4A35F95B76}.Debug|Any CPU.ActiveCfg = Debug|Any CPU
		{11D827B7-C221-44D0-9C6B-EC4A35F95B76}.Debug|Any CPU.Build.0 = Debug|Any CPU
		{11D827B7-C221-44D0-9C6B-EC4A35F95B76}.Release|Any CPU.ActiveCfg = Release|Any CPU
		{11D827B7-C221-44D0-9C6B-EC4A35F95B76}.Release|Any CPU.Build.0 = Release|Any CPU
	EndGlobalSection
	GlobalSection(SolutionProperties) = preSolution
		HideSolutionNode = FALSE
	EndGlobalSection
	GlobalSection(ExtensibilityGlobals) = postSolution
		SolutionGuid = {E6D7C84F-6988-491A-A43A-DFCAD9C3F90C}
	EndGlobalSection
EndGlobal
