
Microsoft Visual Studio Solution File, Format Version 12.00
# Visual Studio Version 17
VisualStudioVersion = 17.11.35222.181
MinimumVisualStudioVersion = 10.0.40219.1
Project("{FAE04EC0-301F-11D3-BF4B-00C04F79EFBC}") = "Szamitogep", "Szamitogep.csproj", "{B05E2CD8-EEC7-4A09-9C8F-C260270D21EB}"
EndProject
Global
	GlobalSection(SolutionConfigurationPlatforms) = preSolution
		Debug|Any CPU = Debug|Any CPU
		Release|Any CPU = Release|Any CPU
	EndGlobalSection
	GlobalSection(ProjectConfigurationPlatforms) = postSolution
		{B05E2CD8-EEC7-4A09-9C8F-C260270D21EB}.Debug|Any CPU.ActiveCfg = Debug|Any CPU
		{B05E2CD8-EEC7-4A09-9C8F-C260270D21EB}.Debug|Any CPU.Build.0 = Debug|Any CPU
		{B05E2CD8-EEC7-4A09-9C8F-C260270D21EB}.Release|Any CPU.ActiveCfg = Release|Any CPU
		{B05E2CD8-EEC7-4A09-9C8F-C260270D21EB}.Release|Any CPU.Build.0 = Release|Any CPU
	EndGlobalSection
	GlobalSection(SolutionProperties) = preSolution
		HideSolutionNode = FALSE
	EndGlobalSection
	GlobalSection(ExtensibilityGlobals) = postSolution
		SolutionGuid = {7D08416A-618A-4588-A099-9F53693F7C18}
	EndGlobalSection
EndGlobal
