
Microsoft Visual Studio Solution File, Format Version 12.00
# Visual Studio Version 17
VisualStudioVersion = 17.11.35222.181
MinimumVisualStudioVersion = 10.0.40219.1
Project("{FAE04EC0-301F-11D3-BF4B-00C04F79EFBC}") = "Idokonverzio", "Idokonverzio.csproj", "{3463816D-612E-4292-80F0-B5AD6383ED81}"
EndProject
Global
	GlobalSection(SolutionConfigurationPlatforms) = preSolution
		Debug|Any CPU = Debug|Any CPU
		Release|Any CPU = Release|Any CPU
	EndGlobalSection
	GlobalSection(ProjectConfigurationPlatforms) = postSolution
		{3463816D-612E-4292-80F0-B5AD6383ED81}.Debug|Any CPU.ActiveCfg = Debug|Any CPU
		{3463816D-612E-4292-80F0-B5AD6383ED81}.Debug|Any CPU.Build.0 = Debug|Any CPU
		{3463816D-612E-4292-80F0-B5AD6383ED81}.Release|Any CPU.ActiveCfg = Release|Any CPU
		{3463816D-612E-4292-80F0-B5AD6383ED81}.Release|Any CPU.Build.0 = Release|Any CPU
	EndGlobalSection
	GlobalSection(SolutionProperties) = preSolution
		HideSolutionNode = FALSE
	EndGlobalSection
	GlobalSection(ExtensibilityGlobals) = postSolution
		SolutionGuid = {2EC4531A-AAA5-48FF-8A6E-EA8E5CC9248A}
	EndGlobalSection
EndGlobal
