
Microsoft Visual Studio Solution File, Format Version 12.00
# Visual Studio Version 17
VisualStudioVersion = 17.11.35222.181
MinimumVisualStudioVersion = 10.0.40219.1
Project("{FAE04EC0-301F-11D3-BF4B-00C04F79EFBC}") = "halmaz", "halmaz.csproj", "{F9C9CCC3-5E37-498F-9C29-78EF4F3EAD85}"
EndProject
Global
	GlobalSection(SolutionConfigurationPlatforms) = preSolution
		Debug|Any CPU = Debug|Any CPU
		Release|Any CPU = Release|Any CPU
	EndGlobalSection
	GlobalSection(ProjectConfigurationPlatforms) = postSolution
		{F9C9CCC3-5E37-498F-9C29-78EF4F3EAD85}.Debug|Any CPU.ActiveCfg = Debug|Any CPU
		{F9C9CCC3-5E37-498F-9C29-78EF4F3EAD85}.Debug|Any CPU.Build.0 = Debug|Any CPU
		{F9C9CCC3-5E37-498F-9C29-78EF4F3EAD85}.Release|Any CPU.ActiveCfg = Release|Any CPU
		{F9C9CCC3-5E37-498F-9C29-78EF4F3EAD85}.Release|Any CPU.Build.0 = Release|Any CPU
	EndGlobalSection
	GlobalSection(SolutionProperties) = preSolution
		HideSolutionNode = FALSE
	EndGlobalSection
	GlobalSection(ExtensibilityGlobals) = postSolution
		SolutionGuid = {5AF004B5-F742-4274-B2FC-DD47EBA8763A}
	EndGlobalSection
EndGlobal
