
Microsoft Visual Studio Solution File, Format Version 12.00
# Visual Studio Version 17
VisualStudioVersion = 17.11.35222.181
MinimumVisualStudioVersion = 10.0.40219.1
Project("{FAE04EC0-301F-11D3-BF4B-00C04F79EFBC}") = "Fuggvenyek", "Fuggvenyek.csproj", "{4DDB72DB-C788-46BF-80D6-FF7AC39D7B8C}"
EndProject
Global
	GlobalSection(SolutionConfigurationPlatforms) = preSolution
		Debug|Any CPU = Debug|Any CPU
		Release|Any CPU = Release|Any CPU
	EndGlobalSection
	GlobalSection(ProjectConfigurationPlatforms) = postSolution
		{4DDB72DB-C788-46BF-80D6-FF7AC39D7B8C}.Debug|Any CPU.ActiveCfg = Debug|Any CPU
		{4DDB72DB-C788-46BF-80D6-FF7AC39D7B8C}.Debug|Any CPU.Build.0 = Debug|Any CPU
		{4DDB72DB-C788-46BF-80D6-FF7AC39D7B8C}.Release|Any CPU.ActiveCfg = Release|Any CPU
		{4DDB72DB-C788-46BF-80D6-FF7AC39D7B8C}.Release|Any CPU.Build.0 = Release|Any CPU
	EndGlobalSection
	GlobalSection(SolutionProperties) = preSolution
		HideSolutionNode = FALSE
	EndGlobalSection
	GlobalSection(ExtensibilityGlobals) = postSolution
		SolutionGuid = {59EA9B9B-D086-4C35-A8DB-923C97AAA490}
	EndGlobalSection
EndGlobal
